{
    "_meta": {
        "hash": {
            "sha256": "5dc291a7027130214137bf5d12492c6d4d40a6a5773e8753abb51511cee77e1a"
        },
        "pipfile-spec": 6,
        "requires": {
            "python_version": "3.9"
        },
        "sources": [
            {
                "name": "pypi",
                "url": "https://pypi.org/simple",
                "verify_ssl": true
            }
        ]
    },
    "default": {
        "astroid": {
            "hashes": [
                "sha256:5939cf55de24b92bda00345d4d0659d01b3c7dafb5055165c330bc7c568ba273",
                "sha256:776ca0b748b4ad69c00bfe0fff38fa2d21c338e12c84aa9715ee0d473c422778"
            ],
            "markers": "python_version ~= '3.6'",
            "version": "==2.9.0"
        },
        "attrs": {
            "hashes": [
                "sha256:149e90d6d8ac20db7a955ad60cf0e6881a3f20d37096140088356da6c716b0b1",
                "sha256:ef6aaac3ca6cd92904cdd0d83f629a15f18053ec84e6432106f7a4d04ae4f5fb"
            ],
            "markers": "python_version >= '2.7' and python_version not in '3.0, 3.1, 3.2, 3.3, 3.4'",
            "version": "==21.2.0"
        },
        "autopep8": {
            "hashes": [
                "sha256:44f0932855039d2c15c4510d6df665e4730f2b8582704fa48f9c55bd3e17d979",
                "sha256:ed77137193bbac52d029a52c59bec1b0629b5a186c495f1eb21b126ac466083f"
            ],
            "version": "==1.6.0"
        },
        "backports.entry-points-selectable": {
            "hashes": [
                "sha256:7fceed9532a7aa2bd888654a7314f864a3c16a4e710b34a58cfc0f08114c663b",
                "sha256:914b21a479fde881635f7af5adc7f6e38d6b274be32269070c53b698c60d5386"
            ],
            "markers": "python_version >= '2.7'",
            "version": "==1.1.1"
        },
        "colorama": {
            "hashes": [
                "sha256:5941b2b48a20143d2267e95b1c2a7603ce057ee39fd88e7329b0c292aa16869b",
                "sha256:9f47eda37229f68eee03b24b9748937c7dc3868f906e8ba69fbcbdd3bc5dc3e2"
            ],
            "markers": "python_version >= '2.7' and python_version not in '3.0, 3.1, 3.2, 3.3, 3.4'",
            "version": "==0.4.4"
        },
        "distlib": {
            "hashes": [
                "sha256:6564fe0a8f51e734df6333d08b8b94d4ea8ee6b99b5ed50613f731fd4089f34b",
                "sha256:e4b58818180336dc9c529bfb9a0b58728ffc09ad92027a3f30b7cd91e3458579"
            ],
            "version": "==0.3.4"
        },
        "docopt": {
            "hashes": [
                "sha256:49b3a825280bd66b3aa83585ef59c4a8c82f2c8a522dbe754a8bc8d08c85c491"
            ],
            "version": "==0.6.2"
        },
        "filelock": {
            "hashes": [
                "sha256:2e139a228bcf56dd8b2274a65174d005c4a6b68540ee0bdbb92c76f43f29f7e8",
                "sha256:93d512b32a23baf4cac44ffd72ccf70732aeff7b8050fcaf6d3ec406d954baf4"
            ],
            "markers": "python_version >= '3.6'",
            "version": "==3.4.0"
        },
        "flake8": {
            "hashes": [
                "sha256:479b1304f72536a55948cb40a32dce8bb0ffe3501e26eaf292c7e60eb5e0428d",
                "sha256:806e034dda44114815e23c16ef92f95c91e4c71100ff52813adf7132a6ad870d"
            ],
            "version": "==4.0.1"
        },
        "iniconfig": {
            "hashes": [
                "sha256:011e24c64b7f47f6ebd835bb12a743f2fbe9a26d4cecaa7f53bc4f35ee9da8b3",
                "sha256:bc3af051d7d14b2ee5ef9969666def0cd1a000e121eaea580d4a313df4b37f32"
            ],
            "version": "==1.1.1"
        },
        "isort": {
            "hashes": [
                "sha256:6f62d78e2f89b4500b080fe3a81690850cd254227f27f75c3a0c491a1f351ba7",
                "sha256:e8443a5e7a020e9d7f97f1d7d9cd17c88bcb3bc7e218bf9cf5095fe550be2951"
            ],
            "markers": "python_version < '4.0' and python_full_version >= '3.6.1'",
            "version": "==5.10.1"
        },
        "jedi": {
            "hashes": [
                "sha256:637c9635fcf47945ceb91cd7f320234a7be540ded6f3e99a50cb6febdfd1ba8d",
                "sha256:74137626a64a99c8eb6ae5832d99b3bdd7d29a3850fe2aa80a4126b2a7d949ab"
            ],
            "markers": "python_version >= '3.6'",
            "version": "==0.18.1"
        },
        "lazy-object-proxy": {
            "hashes": [
                "sha256:043651b6cb706eee4f91854da4a089816a6606c1428fd391573ef8cb642ae4f7",
                "sha256:07fa44286cda977bd4803b656ffc1c9b7e3bc7dff7d34263446aec8f8c96f88a",
                "sha256:12f3bb77efe1367b2515f8cb4790a11cffae889148ad33adad07b9b55e0ab22c",
                "sha256:2052837718516a94940867e16b1bb10edb069ab475c3ad84fd1e1a6dd2c0fcfc",
                "sha256:2130db8ed69a48a3440103d4a520b89d8a9405f1b06e2cc81640509e8bf6548f",
                "sha256:39b0e26725c5023757fc1ab2a89ef9d7ab23b84f9251e28f9cc114d5b59c1b09",
                "sha256:46ff647e76f106bb444b4533bb4153c7370cdf52efc62ccfc1a28bdb3cc95442",
                "sha256:4dca6244e4121c74cc20542c2ca39e5c4a5027c81d112bfb893cf0790f96f57e",
                "sha256:553b0f0d8dbf21890dd66edd771f9b1b5f51bd912fa5f26de4449bfc5af5e029",
                "sha256:677ea950bef409b47e51e733283544ac3d660b709cfce7b187f5ace137960d61",
                "sha256:6a24357267aa976abab660b1d47a34aaf07259a0c3859a34e536f1ee6e76b5bb",
                "sha256:6a6e94c7b02641d1311228a102607ecd576f70734dc3d5e22610111aeacba8a0",
                "sha256:6aff3fe5de0831867092e017cf67e2750c6a1c7d88d84d2481bd84a2e019ec35",
                "sha256:6ecbb350991d6434e1388bee761ece3260e5228952b1f0c46ffc800eb313ff42",
                "sha256:7096a5e0c1115ec82641afbdd70451a144558ea5cf564a896294e346eb611be1",
                "sha256:70ed0c2b380eb6248abdef3cd425fc52f0abd92d2b07ce26359fcbc399f636ad",
                "sha256:8561da8b3dd22d696244d6d0d5330618c993a215070f473b699e00cf1f3f6443",
                "sha256:85b232e791f2229a4f55840ed54706110c80c0a210d076eee093f2b2e33e1bfd",
                "sha256:898322f8d078f2654d275124a8dd19b079080ae977033b713f677afcfc88e2b9",
                "sha256:8f3953eb575b45480db6568306893f0bd9d8dfeeebd46812aa09ca9579595148",
                "sha256:91ba172fc5b03978764d1df5144b4ba4ab13290d7bab7a50f12d8117f8630c38",
                "sha256:9d166602b525bf54ac994cf833c385bfcc341b364e3ee71e3bf5a1336e677b55",
                "sha256:a57d51ed2997e97f3b8e3500c984db50a554bb5db56c50b5dab1b41339b37e36",
                "sha256:b9e89b87c707dd769c4ea91f7a31538888aad05c116a59820f28d59b3ebfe25a",
                "sha256:bb8c5fd1684d60a9902c60ebe276da1f2281a318ca16c1d0a96db28f62e9166b",
                "sha256:c19814163728941bb871240d45c4c30d33b8a2e85972c44d4e63dd7107faba44",
                "sha256:c4ce15276a1a14549d7e81c243b887293904ad2d94ad767f42df91e75fd7b5b6",
                "sha256:c7a683c37a8a24f6428c28c561c80d5f4fd316ddcf0c7cab999b15ab3f5c5c69",
                "sha256:d609c75b986def706743cdebe5e47553f4a5a1da9c5ff66d76013ef396b5a8a4",
                "sha256:d66906d5785da8e0be7360912e99c9188b70f52c422f9fc18223347235691a84",
                "sha256:dd7ed7429dbb6c494aa9bc4e09d94b778a3579be699f9d67da7e6804c422d3de",
                "sha256:df2631f9d67259dc9620d831384ed7732a198eb434eadf69aea95ad18c587a28",
                "sha256:e368b7f7eac182a59ff1f81d5f3802161932a41dc1b1cc45c1f757dc876b5d2c",
                "sha256:e40f2013d96d30217a51eeb1db28c9ac41e9d0ee915ef9d00da639c5b63f01a1",
                "sha256:f769457a639403073968d118bc70110e7dce294688009f5c24ab78800ae56dc8",
                "sha256:fccdf7c2c5821a8cbd0a9440a456f5050492f2270bd54e94360cac663398739b",
                "sha256:fd45683c3caddf83abbb1249b653a266e7069a09f486daa8863fb0e7496a9fdb"
            ],
            "markers": "python_version >= '3.6'",
            "version": "==1.7.1"
        },
        "mccabe": {
            "hashes": [
                "sha256:ab8a6258860da4b6677da4bd2fe5dc2c659cff31b3ee4f7f5d64e79735b80d42",
                "sha256:dd8d182285a0fe56bace7f45b5e7d1a6ebcbf524e8f3bd87eb0f125271b8831f"
            ],
            "version": "==0.6.1"
        },
        "packaging": {
            "hashes": [
                "sha256:dd47c42927d89ab911e606518907cc2d3a1f38bbd026385970643f9c5b8ecfeb",
                "sha256:ef103e05f519cdc783ae24ea4e2e0f508a9c99b2d4969652eed6a2e1ea5bd522"
            ],
            "markers": "python_version >= '3.6'",
            "version": "==21.3"
        },
        "parso": {
            "hashes": [
                "sha256:8c07be290bb59f03588915921e29e8a50002acaf2cdc5fa0e0114f91709fafa0",
                "sha256:c001d4636cd3aecdaf33cbb40aebb59b094be2a74c556778ef5576c175e19e75"
            ],
            "markers": "python_version >= '3.6'",
            "version": "==0.8.3"
        },
        "platformdirs": {
            "hashes": [
                "sha256:367a5e80b3d04d2428ffa76d33f124cf11e8fff2acdaa9b43d545f5c7d661ef2",
                "sha256:8868bbe3c3c80d42f20156f22e7131d2fb321f5bc86a2a345375c6481a67021d"
            ],
            "markers": "python_version >= '3.6'",
            "version": "==2.4.0"
        },
        "pluggy": {
            "hashes": [
                "sha256:4224373bacce55f955a878bf9cfa763c1e360858e330072059e10bad68531159",
                "sha256:74134bbf457f031a36d68416e1509f34bd5ccc019f0bcc952c7b909d06b37bd3"
            ],
            "markers": "python_version >= '3.6'",
            "version": "==1.0.0"
        },
        "py": {
            "hashes": [
                "sha256:51c75c4126074b472f746a24399ad32f6053d1b34b68d2fa41e558e6f4a98719",
                "sha256:607c53218732647dff4acdfcd50cb62615cedf612e72d1724fb1a0cc6405b378"
            ],
            "markers": "python_version >= '2.7' and python_version not in '3.0, 3.1, 3.2, 3.3, 3.4'",
            "version": "==1.11.0"
        },
        "pycodestyle": {
            "hashes": [
                "sha256:720f8b39dde8b293825e7ff02c475f3077124006db4f440dcbc9a20b76548a20",
                "sha256:eddd5847ef438ea1c7870ca7eb78a9d47ce0cdb4851a5523949f2601d0cbbe7f"
            ],
            "version": "==2.8.0"
        },
        "pydocstyle": {
            "hashes": [
                "sha256:1d41b7c459ba0ee6c345f2eb9ae827cab14a7533a88c5c6f7e94923f72df92dc",
                "sha256:6987826d6775056839940041beef5c08cc7e3d71d63149b48e36727f70144dc4"
            ],
            "version": "==6.1.1"
        },
        "pyflakes": {
            "hashes": [
                "sha256:05a85c2872edf37a4ed30b0cce2f6093e1d0581f8c19d7393122da7e25b2b24c",
                "sha256:3bb3a3f256f4b7968c9c788781e4ff07dce46bdf12339dcda61053375426ee2e"
            ],
            "version": "==2.4.0"
        },
        "pylint": {
            "hashes": [
                "sha256:9d945a73640e1fec07ee34b42f5669b770c759acd536ec7b16d7e4b87a9c9ff9",
                "sha256:daabda3f7ed9d1c60f52d563b1b854632fd90035bcf01443e234d3dc794e3b74"
            ],
            "version": "==2.12.2"
        },
        "pyparsing": {
            "hashes": [
                "sha256:04ff808a5b90911829c55c4e26f75fa5ca8a2f5f36aa3a51f68e27033341d3e4",
                "sha256:d9bdec0013ef1eb5a84ab39a3b3868911598afa494f5faa038647101504e2b81"
            ],
            "markers": "python_version >= '3.6'",
            "version": "==3.0.6"
        },
        "pytest": {
            "hashes": [
                "sha256:131b36680866a76e6781d13f101efb86cf674ebb9762eb70d3082b6f29889e89",
                "sha256:7310f8d27bc79ced999e760ca304d69f6ba6c6649c0b60fb0e04a4a77cacc134"
            ],
            "index": "pypi",
            "version": "==6.2.5"
        },
        "pytest-watch": {
            "hashes": [
                "sha256:06136f03d5b361718b8d0d234042f7b2f203910d8568f63df2f866b547b3d4b9"
            ],
            "index": "pypi",
            "version": "==4.2.0"
        },
        "python-lsp-jsonrpc": {
            "hashes": [
                "sha256:079b143be64b0a378bdb21dff5e28a8c1393fe7e8a654ef068322d754e545fc7",
                "sha256:7bec170733db628d3506ea3a5288ff76aa33c70215ed223abdb0d95e957660bd"
            ],
            "version": "==1.0.0"
        },
        "python-lsp-server": {
            "extras": [
                "all"
            ],
            "hashes": [
                "sha256:1b48ccd8b70103522e8a8b9cb9ae1be2b27a5db0dfd661e7e44e6253ebefdc40",
                "sha256:ea7b1e623591ccbfbbf8e5dfe0df8119f27863125a58bdcacbacd1937d8e8cb3"
            ],
            "index": "pypi",
            "version": "==1.3.3"
        },
        "rope": {
            "hashes": [
                "sha256:2847220bf72ead09b5abe72b1edc9cacff90ab93663ece06913fc97324167870",
                "sha256:b00fbc064a26fc62d7220578a27fd639b2fad57213663cc396c137e92d73f10f"
            ],
            "version": "==0.22.0"
        },
        "six": {
            "hashes": [
                "sha256:1e61c37477a1626458e36f7b1d82aa5c9b094fa4802892072e49de9c60c4c926",
                "sha256:8abb2f1d86890a2dfb989f9a77cfcfd3e47c2a354b01111771326f8aa26e0254"
            ],
            "markers": "python_version >= '2.7' and python_version not in '3.0, 3.1, 3.2, 3.3'",
            "version": "==1.16.0"
        },
        "snowballstemmer": {
            "hashes": [
                "sha256:09b16deb8547d3412ad7b590689584cd0fe25ec8db3be37788be3810cbf19cb1",
                "sha256:c8e1716e83cc398ae16824e5572ae04e0d9fc2c6b985fb0f900f5f0c96ecba1a"
            ],
            "version": "==2.2.0"
        },
        "toml": {
            "hashes": [
                "sha256:806143ae5bfb6a3c6e736a764057db0e6a0e05e338b5630894a5f779cabb4f9b",
                "sha256:b3bda1d108d5dd99f4a20d24d9c348e91c4db7ab1b749200bded2f839ccbe68f"
            ],
            "markers": "python_version >= '2.6' and python_version not in '3.0, 3.1, 3.2, 3.3'",
            "version": "==0.10.2"
        },
        "typing-extensions": {
            "hashes": [
                "sha256:4ca091dea149f945ec56afb48dae714f21e8692ef22a395223bcd328961b6a0e",
                "sha256:7f001e5ac290a0c0401508864c7ec868be4e701886d5b573a9528ed3973d9d3b"
            ],
            "markers": "python_version < '3.10'",
            "version": "==4.0.1"
        },
        "ujson": {
            "hashes": [
                "sha256:00d6ea9702c2eaeaf1a826934eaba1b4c609c873379bf54e36ba7b7e128edf94",
                "sha256:05aa6c7297a22081f65497b6f586de6b7060ea47c3ecda80896f47200e9dbf04",
                "sha256:06bed66ae62d517f67a61cf53c056800b35ef364270723168a1db62702e2d30c",
                "sha256:08265db5ccff8b521ff68aee13a417d68cca784d7e711d961b92fda6ccffcc4f",
                "sha256:083c1078e4de3a39019e590c43865b17e07a763fee25b012e650bb4f42c89703",
                "sha256:0cae4a9c141856f7ad1a79c17ff1aaebf7fd8faa2f2c2614c37d6f82ed261d96",
                "sha256:110633a8dda6c8ca78090292231e15381f8b2423e998399d4bc5f135149c722b",
                "sha256:173b90a2c2836ee42f708df88ecfe3efbc4d868df73c9fcea8cb8f6f3ab93892",
                "sha256:202ae52f4a53f03c42ead6d046b1a146517e93bd757f517bdeef0a26228e0260",
                "sha256:31671ad99f0395eb881d698f2871dc64ff00fbd4380c5d9bfd8bff3d4c8f8d88",
                "sha256:368f855779fded560724a6448838304621f498113a116d66bc5ed5ad5ad3ca92",
                "sha256:4155a7c29bf330329519027c815e15e381c1fff22f50d26f135584d482bbd95d",
                "sha256:452990c2b18445a7379a45873527d2ec47789b9289c13a17a3c1cc76b9641126",
                "sha256:4ba63b789d83ca92237dbc72041a268d91559f981c01763a107105878bae442e",
                "sha256:4dd97e45a0f450ba2c43cda18147e54b8e41e886c22e3506c62f7d61e9e53b0d",
                "sha256:51142c9d40439f299594e399bef8892a16586ded54c88d3af926865ca221a177",
                "sha256:5304ad25d100d50b5bc8513ef110335df678f66c7ccf3d4728c0c3aa69e08e0c",
                "sha256:585271d6ad545a2ccfc237582f70c160e627735c89d0ca2bde24afa321bc0750",
                "sha256:5c8a884d60dd2eed2fc95a9474d57ead82adf254f54caffb3d9e8ed185c49aba",
                "sha256:644552d1e89983c08d0c24358fbcb5829ae5b5deee9d876e16d20085cfa7dc81",
                "sha256:681fed63c948f757466eeb3aea98873e2ab8b2b18e9020c96a97479a513e2018",
                "sha256:68e38122115a8097fbe1cfe52979a797eaff91c10c1bf4b27774e5f30e7f723a",
                "sha256:6c45ad95e82155372d9908774db46e0ef7880af28a734d0b14eaa4f505e64982",
                "sha256:6f73946c047a38640b1f5a2a459237b7bdc417ab028a76c796e4eea984b359b9",
                "sha256:6fc4376266ae67f6d8f9e69386ab950eb84ba345c6fdbeb1884fa5b773c8c76b",
                "sha256:74e41a0222e6e8136e38f103d6cc228e4e20f1c35cc80224a42804fd67fb35c8",
                "sha256:7a4bed7bd7b288cf73ba47bda27fdd1d78ef6906831489e7f296aef9e786eccb",
                "sha256:7ba8be1717b1867a85b2413a8585bad0e4507a22d6af2c244e1c74151f6d5cc0",
                "sha256:7bbb87f040e618bebe8c6257b3e4e8ae2f708dcbff3270c84718b3360a152799",
                "sha256:838d35eb9006d36f9241e95958d9f4819bcf1ea2ec155daf92d5751c31bcc62b",
                "sha256:8dca10174a3bd482d969a2d12d0aec2fdd63fb974e255ec0147e36a516a2d68a",
                "sha256:9937e819196b894ffd00801b24f1042dabda142f355313c3f20410993219bc4f",
                "sha256:994eaf4369e6bc24258f59fe8c6345037abcf24557571814e27879851c4353aa",
                "sha256:a48efcb5d3695b295c26835ed81048da8cd40e76c4fde2940c807aa452b560c9",
                "sha256:a53c4fe8e1c067e6c98b4526e982ed9486f08578ad8eb5f0e94f8cadf0c1d911",
                "sha256:a88944d2f99db71a3ca0c63d81f37e55b660edde0b07216fb65a3e46403ef004",
                "sha256:afe91153c2046fa8210b92def513124e0ea5b87ad8fa4c14fef8197204b980f1",
                "sha256:b09843123425337d2efee5c8ff6519e4dfc7b044db66c8bd560517fc1070a157",
                "sha256:b1ef400fc73ab0cb61b74a662ad4207917223aba6f933a9fea9b0fbe75de2361",
                "sha256:b2c7e4afde0d36926b091fa9613b18b65e911fcaa60024e8721f2dcfedc25329",
                "sha256:b631af423e6d5d35f9f37fbcc4fbdb6085abc1c441cf864c64b7fbb5b150faf7",
                "sha256:caeadbf95ce277f1f8f4f71913bc20c01f49fc9228f238920f9ff6f7645d2a5f",
                "sha256:ce441ab7ad1db592e2db95b6c2a1eb882123532897340afac1342c28819e9833",
                "sha256:ce620a6563b21aa3fbb1658bc1bfddb484a6dad542de1efb5121eb7bb4f2b93a",
                "sha256:d0b26d9d6eb9a0979d37f28c715e717a409c9e03163e5cd8fa73aab806351ab5",
                "sha256:d423956f8dfd98a075c9338b886414b6e3c2817dbf67935797466c998af39936",
                "sha256:e2b1c372583eb4363b42e21222d3a18116a41973781d502d61e1b0daf4b8352f",
                "sha256:fa616d0d3c594785c6e9b7f42686bb1c86f9e64aa0f30a72c86d8eb315f54194",
                "sha256:fdac161127ef8e0889180a4c07475457c55fe0bbd644436d8f4c7ef07565d653",
                "sha256:fe4e8f71e2fd42dce245bace7e2aa97dabef13926750a351eadca89a1e0f1abd"
            ],
            "markers": "python_version >= '3.7'",
            "version": "==5.1.0"
        },
        "virtualenv": {
            "hashes": [
                "sha256:4b02e52a624336eece99c96e3ab7111f469c24ba226a53ec474e8e787b365814",
                "sha256:576d05b46eace16a9c348085f7d0dc8ef28713a2cabaa1cf0aea41e8f12c9218"
            ],
            "index": "pypi",
            "version": "==20.10.0"
        },
        "watchdog": {
            "hashes": [
                "sha256:25fb5240b195d17de949588628fdf93032ebf163524ef08933db0ea1f99bd685",
                "sha256:3386b367e950a11b0568062b70cc026c6f645428a698d33d39e013aaeda4cc04",
                "sha256:3becdb380d8916c873ad512f1701f8a92ce79ec6978ffde92919fd18d41da7fb",
                "sha256:4ae38bf8ba6f39d5b83f78661273216e7db5b00f08be7592062cb1fc8b8ba542",
                "sha256:8047da932432aa32c515ec1447ea79ce578d0559362ca3605f8e9568f844e3c6",
                "sha256:8f1c00aa35f504197561060ca4c21d3cc079ba29cf6dd2fe61024c70160c990b",
                "sha256:922a69fa533cb0c793b483becaaa0845f655151e7256ec73630a1b2e9ebcb660",
                "sha256:9693f35162dc6208d10b10ddf0458cc09ad70c30ba689d9206e02cd836ce28a3",
                "sha256:a0f1c7edf116a12f7245be06120b1852275f9506a7d90227648b250755a03923",
                "sha256:a36e75df6c767cbf46f61a91c70b3ba71811dfa0aca4a324d9407a06a8b7a2e7",
                "sha256:aba5c812f8ee8a3ff3be51887ca2d55fb8e268439ed44110d3846e4229eb0e8b",
                "sha256:ad6f1796e37db2223d2a3f302f586f74c72c630b48a9872c1e7ae8e92e0ab669",
                "sha256:ae67501c95606072aafa865b6ed47343ac6484472a2f95490ba151f6347acfc2",
                "sha256:b2fcf9402fde2672545b139694284dc3b665fd1be660d73eca6805197ef776a3",
                "sha256:b52b88021b9541a60531142b0a451baca08d28b74a723d0c99b13c8c8d48d604",
                "sha256:b7d336912853d7b77f9b2c24eeed6a5065d0a0cc0d3b6a5a45ad6d1d05fb8cd8",
                "sha256:bd9ba4f332cf57b2c1f698be0728c020399ef3040577cde2939f2e045b39c1e5",
                "sha256:be9be735f827820a06340dff2ddea1fb7234561fa5e6300a62fe7f54d40546a0",
                "sha256:cca7741c0fcc765568350cb139e92b7f9f3c9a08c4f32591d18ab0a6ac9e71b6",
                "sha256:d0d19fb2441947b58fbf91336638c2b9f4cc98e05e1045404d7a4cb7cddc7a65",
                "sha256:e02794ac791662a5eafc6ffeaf9bcc149035a0e48eb0a9d40a8feb4622605a3d",
                "sha256:e0f30db709c939cabf64a6dc5babb276e6d823fd84464ab916f9b9ba5623ca15",
                "sha256:e92c2d33858c8f560671b448205a268096e17870dcf60a9bb3ac7bfbafb7f5f9"
            ],
            "markers": "python_version >= '3.6'",
            "version": "==2.1.6"
        },
        "wrapt": {
            "hashes": [
                "sha256:086218a72ec7d986a3eddb7707c8c4526d677c7b35e355875a0fe2918b059179",
                "sha256:0877fe981fd76b183711d767500e6b3111378ed2043c145e21816ee589d91096",
                "sha256:0a017a667d1f7411816e4bf214646d0ad5b1da2c1ea13dec6c162736ff25a374",
                "sha256:0cb23d36ed03bf46b894cfec777eec754146d68429c30431c99ef28482b5c1df",
                "sha256:1fea9cd438686e6682271d36f3481a9f3636195578bab9ca3382e2f5f01fc185",
                "sha256:220a869982ea9023e163ba915077816ca439489de6d2c09089b219f4e11b6785",
                "sha256:25b1b1d5df495d82be1c9d2fad408f7ce5ca8a38085e2da41bb63c914baadff7",
                "sha256:2dded5496e8f1592ec27079b28b6ad2a1ef0b9296d270f77b8e4a3a796cf6909",
                "sha256:2ebdde19cd3c8cdf8df3fc165bc7827334bc4e353465048b36f7deeae8ee0918",
                "sha256:43e69ffe47e3609a6aec0fe723001c60c65305784d964f5007d5b4fb1bc6bf33",
                "sha256:46f7f3af321a573fc0c3586612db4decb7eb37172af1bc6173d81f5b66c2e068",
                "sha256:47f0a183743e7f71f29e4e21574ad3fa95676136f45b91afcf83f6a050914829",
                "sha256:498e6217523111d07cd67e87a791f5e9ee769f9241fcf8a379696e25806965af",
                "sha256:4b9c458732450ec42578b5642ac53e312092acf8c0bfce140ada5ca1ac556f79",
                "sha256:51799ca950cfee9396a87f4a1240622ac38973b6df5ef7a41e7f0b98797099ce",
                "sha256:5601f44a0f38fed36cc07db004f0eedeaadbdcec90e4e90509480e7e6060a5bc",
                "sha256:5f223101f21cfd41deec8ce3889dc59f88a59b409db028c469c9b20cfeefbe36",
                "sha256:610f5f83dd1e0ad40254c306f4764fcdc846641f120c3cf424ff57a19d5f7ade",
                "sha256:6a03d9917aee887690aa3f1747ce634e610f6db6f6b332b35c2dd89412912bca",
                "sha256:705e2af1f7be4707e49ced9153f8d72131090e52be9278b5dbb1498c749a1e32",
                "sha256:766b32c762e07e26f50d8a3468e3b4228b3736c805018e4b0ec8cc01ecd88125",
                "sha256:77416e6b17926d953b5c666a3cb718d5945df63ecf922af0ee576206d7033b5e",
                "sha256:778fd096ee96890c10ce96187c76b3e99b2da44e08c9e24d5652f356873f6709",
                "sha256:78dea98c81915bbf510eb6a3c9c24915e4660302937b9ae05a0947164248020f",
                "sha256:7dd215e4e8514004c8d810a73e342c536547038fb130205ec4bba9f5de35d45b",
                "sha256:7dde79d007cd6dfa65afe404766057c2409316135cb892be4b1c768e3f3a11cb",
                "sha256:81bd7c90d28a4b2e1df135bfbd7c23aee3050078ca6441bead44c42483f9ebfb",
                "sha256:85148f4225287b6a0665eef08a178c15097366d46b210574a658c1ff5b377489",
                "sha256:865c0b50003616f05858b22174c40ffc27a38e67359fa1495605f96125f76640",
                "sha256:87883690cae293541e08ba2da22cacaae0a092e0ed56bbba8d018cc486fbafbb",
                "sha256:8aab36778fa9bba1a8f06a4919556f9f8c7b33102bd71b3ab307bb3fecb21851",
                "sha256:8c73c1a2ec7c98d7eaded149f6d225a692caa1bd7b2401a14125446e9e90410d",
                "sha256:936503cb0a6ed28dbfa87e8fcd0a56458822144e9d11a49ccee6d9a8adb2ac44",
                "sha256:944b180f61f5e36c0634d3202ba8509b986b5fbaf57db3e94df11abee244ba13",
                "sha256:96b81ae75591a795d8c90edc0bfaab44d3d41ffc1aae4d994c5aa21d9b8e19a2",
                "sha256:981da26722bebb9247a0601e2922cedf8bb7a600e89c852d063313102de6f2cb",
                "sha256:ae9de71eb60940e58207f8e71fe113c639da42adb02fb2bcbcaccc1ccecd092b",
                "sha256:b73d4b78807bd299b38e4598b8e7bd34ed55d480160d2e7fdaabd9931afa65f9",
                "sha256:d4a5f6146cfa5c7ba0134249665acd322a70d1ea61732723c7d3e8cc0fa80755",
                "sha256:dd91006848eb55af2159375134d724032a2d1d13bcc6f81cd8d3ed9f2b8e846c",
                "sha256:e05e60ff3b2b0342153be4d1b597bbcfd8330890056b9619f4ad6b8d5c96a81a",
                "sha256:e6906d6f48437dfd80464f7d7af1740eadc572b9f7a4301e7dd3d65db285cacf",
                "sha256:e92d0d4fa68ea0c02d39f1e2f9cb5bc4b4a71e8c442207433d8db47ee79d7aa3",
                "sha256:e94b7d9deaa4cc7bac9198a58a7240aaf87fe56c6277ee25fa5b3aa1edebd229",
                "sha256:ea3e746e29d4000cd98d572f3ee2a6050a4f784bb536f4ac1f035987fc1ed83e",
                "sha256:ec7e20258ecc5174029a0f391e1b948bf2906cd64c198a9b8b281b811cbc04de",
                "sha256:ec9465dd69d5657b5d2fa6133b3e1e989ae27d29471a672416fd729b429eb554",
                "sha256:f122ccd12fdc69628786d0c947bdd9cb2733be8f800d88b5a37c57f1f1d73c10",
                "sha256:f99c0489258086308aad4ae57da9e8ecf9e1f3f30fa35d5e170b4d4896554d80",
                "sha256:f9c51d9af9abb899bd34ace878fbec8bf357b3194a10c4e8e0a25512826ef056",
                "sha256:fd76c47f20984b43d93de9a82011bb6e5f8325df6c9ed4d8310029a55fa361ea"
            ],
            "markers": "python_version >= '2.7' and python_version not in '3.0, 3.1, 3.2, 3.3, 3.4'",
            "version": "==1.13.3"
        },
        "yapf": {
            "hashes": [
                "sha256:408fb9a2b254c302f49db83c59f9aa0b4b0fd0ec25be3a5c51181327922ff63d",
                "sha256:e3a234ba8455fe201eaa649cdac872d590089a18b661e39bbac7020978dd9c2e"
            ],
            "version": "==0.31.0"
        }
    },
    "develop": {
        "black": {
            "hashes": [
                "sha256:77b80f693a569e2e527958459634f18df9b0ba2625ba4e0c2d5da5be42e6f2b3",
                "sha256:a615e69ae185e08fdd73e4715e260e2479c861b5740057fde6e8b4e3b7dd589f"
            ],
            "index": "pypi",
            "version": "==21.12b0"
        },
        "click": {
            "hashes": [
                "sha256:353f466495adaeb40b6b5f592f9f91cb22372351c84caeb068132442a4518ef3",
                "sha256:410e932b050f5eed773c4cda94de75971c89cdb3155a72a0831139a79e5ecb5b"
            ],
            "markers": "python_version >= '3.6'",
            "version": "==8.0.3"
        },
        "mypy-extensions": {
            "hashes": [
                "sha256:090fedd75945a69ae91ce1303b5824f428daf5a028d2f6ab8a299250a846f15d",
                "sha256:2d82818f5bb3e369420cb3c4060a7970edba416647068eb4c5343488a6c604a8"
            ],
            "version": "==0.4.3"
        },
        "pathspec": {
            "hashes": [
                "sha256:7d15c4ddb0b5c802d161efc417ec1a2558ea2653c2e8ad9c19098201dc1c993a",
                "sha256:e564499435a2673d586f6b2130bb5b95f04a3ba06f81b8f895b651a3c76aabb1"
            ],
            "version": "==0.9.0"
        },
        "platformdirs": {
            "hashes": [
                "sha256:367a5e80b3d04d2428ffa76d33f124cf11e8fff2acdaa9b43d545f5c7d661ef2",
                "sha256:8868bbe3c3c80d42f20156f22e7131d2fb321f5bc86a2a345375c6481a67021d"
            ],
            "markers": "python_version >= '3.6'",
            "version": "==2.4.0"
        },
        "tomli": {
            "hashes": [
                "sha256:05b6166bff487dc068d322585c7ea4ef78deed501cc124060e0f238e89a9231f",
                "sha256:e3069e4be3ead9668e21cb9b074cd948f7b3113fd9c8bba083f48247aab8b11c"
            ],
            "markers": "python_version >= '3.6'",
            "version": "==1.2.3"
        },
        "typing-extensions": {
            "hashes": [
                "sha256:4ca091dea149f945ec56afb48dae714f21e8692ef22a395223bcd328961b6a0e",
                "sha256:7f001e5ac290a0c0401508864c7ec868be4e701886d5b573a9528ed3973d9d3b"
            ],
            "markers": "python_version < '3.10'",
            "version": "==4.0.1"
        }
    }
}
